
Microsoft Visual Studio Solution File, Format Version 12.00
# Visual Studio Version 17
VisualStudioVersion = 17.2.32616.157
MinimumVisualStudioVersion = 10.0.40219.1
Project("{FAE04EC0-301F-11D3-BF4B-00C04F79EFBC}") = "Lab_03_(task_2)", "Lab_03_(task_2)\Lab_03_(task_2).csproj", "{07CA10E2-A743-4F62-A6A4-274C02207DE1}"
EndProject
Global
	GlobalSection(SolutionConfigurationPlatforms) = preSolution
		Debug|Any CPU = Debug|Any CPU
		Release|Any CPU = Release|Any CPU
	EndGlobalSection
	GlobalSection(ProjectConfigurationPlatforms) = postSolution
		{07CA10E2-A743-4F62-A6A4-274C02207DE1}.Debug|Any CPU.ActiveCfg = Debug|Any CPU
		{07CA10E2-A743-4F62-A6A4-274C02207DE1}.Debug|Any CPU.Build.0 = Debug|Any CPU
		{07CA10E2-A743-4F62-A6A4-274C02207DE1}.Release|Any CPU.ActiveCfg = Release|Any CPU
		{07CA10E2-A743-4F62-A6A4-274C02207DE1}.Release|Any CPU.Build.0 = Release|Any CPU
	EndGlobalSection
	GlobalSection(SolutionProperties) = preSolution
		HideSolutionNode = FALSE
	EndGlobalSection
	GlobalSection(ExtensibilityGlobals) = postSolution
		SolutionGuid = {0F965906-55E5-46EC-87F7-C18CACA467F0}
	EndGlobalSection
EndGlobal
