
Microsoft Visual Studio Solution File, Format Version 12.00
# Visual Studio Version 17
VisualStudioVersion = 17.2.32616.157
MinimumVisualStudioVersion = 10.0.40219.1
Project("{FAE04EC0-301F-11D3-BF4B-00C04F79EFBC}") = "Lab_02(2)", "Lab_02(2)\Lab_02(2).csproj", "{CE7C0567-0BAC-4A82-9DEF-F13601F53FDD}"
EndProject
Global
	GlobalSection(SolutionConfigurationPlatforms) = preSolution
		Debug|Any CPU = Debug|Any CPU
		Release|Any CPU = Release|Any CPU
	EndGlobalSection
	GlobalSection(ProjectConfigurationPlatforms) = postSolution
		{CE7C0567-0BAC-4A82-9DEF-F13601F53FDD}.Debug|Any CPU.ActiveCfg = Debug|Any CPU
		{CE7C0567-0BAC-4A82-9DEF-F13601F53FDD}.Debug|Any CPU.Build.0 = Debug|Any CPU
		{CE7C0567-0BAC-4A82-9DEF-F13601F53FDD}.Release|Any CPU.ActiveCfg = Release|Any CPU
		{CE7C0567-0BAC-4A82-9DEF-F13601F53FDD}.Release|Any CPU.Build.0 = Release|Any CPU
	EndGlobalSection
	GlobalSection(SolutionProperties) = preSolution
		HideSolutionNode = FALSE
	EndGlobalSection
	GlobalSection(ExtensibilityGlobals) = postSolution
		SolutionGuid = {FA50BC64-29CA-4A18-9E70-6474A0716E24}
	EndGlobalSection
EndGlobal
